
Microsoft Visual Studio Solution File, Format Version 12.00
# Visual Studio 14
VisualStudioVersion = 14.0.25420.1
MinimumVisualStudioVersion = 10.0.40219.1
Project("{FAE04EC0-301F-11D3-BF4B-00C04F79EFBC}") = "BrightSharp", "BrightSharp\BrightSharp.csproj", "{ACC3C556-F8E4-4F2A-A23D-8E8749679A1B}"
EndProject
Project("{FAE04EC0-301F-11D3-BF4B-00C04F79EFBC}") = "BrightSharp.Ui.Tests", "BrightSharp.Ui.Tests\BrightSharp.Ui.Tests.csproj", "{0D6E1828-8D07-4701-B98A-65DBF1604D3F}"
EndProject
Project("{FAE04EC0-301F-11D3-BF4B-00C04F79EFBC}") = "JetFrames.AppleJobs.Editor", "JetFrames.AppleJobs.Editor\JetFrames.AppleJobs.Editor.csproj", "{FD3E36B5-444A-4115-B288-6C924BEA0BD3}"
EndProject
Project("{FAE04EC0-301F-11D3-BF4B-00C04F79EFBC}") = "AppleJobs.Data", "AppleJobs.Data\AppleJobs.Data.csproj", "{B4695C76-31FF-4BF1-9DC6-1BC62D374091}"
EndProject
Global
	GlobalSection(SolutionConfigurationPlatforms) = preSolution
		Debug|Any CPU = Debug|Any CPU
		Release|Any CPU = Release|Any CPU
	EndGlobalSection
	GlobalSection(ProjectConfigurationPlatforms) = postSolution
		{ACC3C556-F8E4-4F2A-A23D-8E8749679A1B}.Debug|Any CPU.ActiveCfg = Debug|Any CPU
		{ACC3C556-F8E4-4F2A-A23D-8E8749679A1B}.Debug|Any CPU.Build.0 = Debug|Any CPU
		{ACC3C556-F8E4-4F2A-A23D-8E8749679A1B}.Release|Any CPU.ActiveCfg = Release|Any CPU
		{ACC3C556-F8E4-4F2A-A23D-8E8749679A1B}.Release|Any CPU.Build.0 = Release|Any CPU
		{0D6E1828-8D07-4701-B98A-65DBF1604D3F}.Debug|Any CPU.ActiveCfg = Debug|Any CPU
		{0D6E1828-8D07-4701-B98A-65DBF1604D3F}.Debug|Any CPU.Build.0 = Debug|Any CPU
		{0D6E1828-8D07-4701-B98A-65DBF1604D3F}.Release|Any CPU.ActiveCfg = Release|Any CPU
		{0D6E1828-8D07-4701-B98A-65DBF1604D3F}.Release|Any CPU.Build.0 = Release|Any CPU
		{FD3E36B5-444A-4115-B288-6C924BEA0BD3}.Debug|Any CPU.ActiveCfg = Debug|Any CPU
		{FD3E36B5-444A-4115-B288-6C924BEA0BD3}.Debug|Any CPU.Build.0 = Debug|Any CPU
		{FD3E36B5-444A-4115-B288-6C924BEA0BD3}.Release|Any CPU.ActiveCfg = Release|Any CPU
		{FD3E36B5-444A-4115-B288-6C924BEA0BD3}.Release|Any CPU.Build.0 = Release|Any CPU
		{B4695C76-31FF-4BF1-9DC6-1BC62D374091}.Debug|Any CPU.ActiveCfg = Debug|Any CPU
		{B4695C76-31FF-4BF1-9DC6-1BC62D374091}.Debug|Any CPU.Build.0 = Debug|Any CPU
		{B4695C76-31FF-4BF1-9DC6-1BC62D374091}.Release|Any CPU.ActiveCfg = Release|Any CPU
		{B4695C76-31FF-4BF1-9DC6-1BC62D374091}.Release|Any CPU.Build.0 = Release|Any CPU
	EndGlobalSection
	GlobalSection(SolutionProperties) = preSolution
		HideSolutionNode = FALSE
	EndGlobalSection
EndGlobal
